<Solution>
  <Project Path="pryClase1/pryClase1_09-03.csproj" />
  <Project Path="pryClase2/pryClase2_11-03.csproj" />
  <Project Path="pryClase3_16-03/pryClase3_16-03.csproj" Id="64eae4ca-8811-4d1e-bf96-645eb82abbd7" />
  <Project Path="pryClase4_18-03/pryClase4_18-03.csproj" Id="aa50e29a-d7b7-4bba-b706-e5d717b0afb6" />
</Solution>
